
Microsoft Visual Studio Solution File, Format Version 12.00
# Visual Studio Version 17
VisualStudioVersion = 17.8.34330.188
MinimumVisualStudioVersion = 10.0.40219.1
Project("{9A19103F-16F7-4668-BE54-9A1E7A4F7556}") = "ReverseProxy", "ReverseProxy\ReverseProxy.csproj", "{EBF4D0DA-20B5-43F0-B018-8EBB6E5A548B}"
EndProject
Project("{2150E333-8FDC-42A3-9474-1A3956D46DE8}") = "src", "src", "{388ADD4C-1E06-409F-949D-0F60E76BF81E}"
EndProject
Project("{2150E333-8FDC-42A3-9474-1A3956D46DE8}") = "Services", "Services", "{CF07E2F1-5ED1-415B-888E-C62C97A65E65}"
EndProject
Project("{2150E333-8FDC-42A3-9474-1A3956D46DE8}") = "Catalog", "Catalog", "{8896077D-308A-4E60-B343-05400A51CCBE}"
EndProject
Project("{9A19103F-16F7-4668-BE54-9A1E7A4F7556}") = "Catalog.API", "src\Services\Catalog\Catalog.API\Catalog.API.csproj", "{7FD16D56-3963-4C4C-9024-19E10DA21A36}"
EndProject
Project("{9A19103F-16F7-4668-BE54-9A1E7A4F7556}") = "Catalog.Application", "src\Services\Catalog\Catalog.Application\Catalog.Application.csproj", "{ED514F1D-FFD5-4CE4-A10B-D71C2B5FC91E}"
EndProject
Project("{9A19103F-16F7-4668-BE54-9A1E7A4F7556}") = "Catalog.Domain", "src\Services\Catalog\Catalog.Domain\Catalog.Domain.csproj", "{0E0E49E7-B0FC-4673-9857-D23CBD25F100}"
EndProject
Project("{9A19103F-16F7-4668-BE54-9A1E7A4F7556}") = "Catalog.Infrastructure", "src\Services\Catalog\Catalog.Infrastructure\Catalog.Infrastructure.csproj", "{F0E3C59B-F747-451C-B423-65DD35033866}"
EndProject
Project("{2150E333-8FDC-42A3-9474-1A3956D46DE8}") = "SalePayment", "SalePayment", "{9ED02266-A345-4050-A93E-1D8717A788B8}"
EndProject
Project("{9A19103F-16F7-4668-BE54-9A1E7A4F7556}") = "SalePayment.Application", "src\Services\SalePayment\SalePayment.Application\SalePayment.Application.csproj", "{6774E067-70EF-4194-A605-6CD8954BCED0}"
EndProject
Project("{9A19103F-16F7-4668-BE54-9A1E7A4F7556}") = "SalePayment.API", "src\Services\SalePayment\SalePayment.API\SalePayment.API.csproj", "{35416EFF-BE26-4CA1-9CA2-067324CF774A}"
EndProject
Project("{9A19103F-16F7-4668-BE54-9A1E7A4F7556}") = "SalePayment.Domain", "src\Services\SalePayment\SalePayment.Domain\SalePayment.Domain.csproj", "{3179A110-0B93-4F09-BE73-D8A1D5887940}"
EndProject
Project("{9A19103F-16F7-4668-BE54-9A1E7A4F7556}") = "SalePayment.Infrastructure", "src\Services\SalePayment\SalePayment.Infrastructure\SalePayment.Infrastructure.csproj", "{CF390179-7A2E-459D-B032-BD902EBDEB3C}"
EndProject
Project("{2150E333-8FDC-42A3-9474-1A3956D46DE8}") = "Basket", "Basket", "{AD58D101-1194-4430-BCE9-6B5122BDD3E4}"
EndProject
Project("{2150E333-8FDC-42A3-9474-1A3956D46DE8}") = "Customer", "Customer", "{AF907C88-A926-432C-A7A9-F402494EC6B5}"
EndProject
Project("{9A19103F-16F7-4668-BE54-9A1E7A4F7556}") = "Customer.API", "src\Services\Customer\Customer.API\Customer.API.csproj", "{A32B5338-6739-4FAC-B4CA-B9A223A14594}"
EndProject
Project("{9A19103F-16F7-4668-BE54-9A1E7A4F7556}") = "Customer.Application", "src\Services\Customer\Customer.Application\Customer.Application.csproj", "{CAB61C14-5FEC-489C-9338-AD04007E0D8E}"
EndProject
Project("{9A19103F-16F7-4668-BE54-9A1E7A4F7556}") = "Customer.Domain", "src\Services\Customer\Customer.Domain\Customer.Domain.csproj", "{B33410F6-F549-4979-B675-64BEE485BF14}"
EndProject
Project("{9A19103F-16F7-4668-BE54-9A1E7A4F7556}") = "Customer.Infrastructure", "src\Services\Customer\Customer.Infrastructure\Customer.Infrastructure.csproj", "{AB8C766C-6133-4013-9222-9C73F09EF3E4}"
EndProject
Project("{2150E333-8FDC-42A3-9474-1A3956D46DE8}") = "EventBus.Messages", "EventBus.Messages", "{46E6CB05-1C19-4DC0-A0DF-D2B324F35459}"
EndProject
Project("{9A19103F-16F7-4668-BE54-9A1E7A4F7556}") = "EventBus.Messages", "src\EventBus.Messages\EventBus.Messages.csproj", "{5C1C496C-2325-4448-A65E-17C7634CB661}"
EndProject
Global
	GlobalSection(SolutionConfigurationPlatforms) = preSolution
		Debug|Any CPU = Debug|Any CPU
		Release|Any CPU = Release|Any CPU
	EndGlobalSection
	GlobalSection(ProjectConfigurationPlatforms) = postSolution
		{EBF4D0DA-20B5-43F0-B018-8EBB6E5A548B}.Debug|Any CPU.ActiveCfg = Debug|Any CPU
		{EBF4D0DA-20B5-43F0-B018-8EBB6E5A548B}.Debug|Any CPU.Build.0 = Debug|Any CPU
		{EBF4D0DA-20B5-43F0-B018-8EBB6E5A548B}.Release|Any CPU.ActiveCfg = Release|Any CPU
		{EBF4D0DA-20B5-43F0-B018-8EBB6E5A548B}.Release|Any CPU.Build.0 = Release|Any CPU
		{7FD16D56-3963-4C4C-9024-19E10DA21A36}.Debug|Any CPU.ActiveCfg = Debug|Any CPU
		{7FD16D56-3963-4C4C-9024-19E10DA21A36}.Debug|Any CPU.Build.0 = Debug|Any CPU
		{7FD16D56-3963-4C4C-9024-19E10DA21A36}.Release|Any CPU.ActiveCfg = Release|Any CPU
		{7FD16D56-3963-4C4C-9024-19E10DA21A36}.Release|Any CPU.Build.0 = Release|Any CPU
		{ED514F1D-FFD5-4CE4-A10B-D71C2B5FC91E}.Debug|Any CPU.ActiveCfg = Debug|Any CPU
		{ED514F1D-FFD5-4CE4-A10B-D71C2B5FC91E}.Debug|Any CPU.Build.0 = Debug|Any CPU
		{ED514F1D-FFD5-4CE4-A10B-D71C2B5FC91E}.Release|Any CPU.ActiveCfg = Release|Any CPU
		{ED514F1D-FFD5-4CE4-A10B-D71C2B5FC91E}.Release|Any CPU.Build.0 = Release|Any CPU
		{0E0E49E7-B0FC-4673-9857-D23CBD25F100}.Debug|Any CPU.ActiveCfg = Debug|Any CPU
		{0E0E49E7-B0FC-4673-9857-D23CBD25F100}.Debug|Any CPU.Build.0 = Debug|Any CPU
		{0E0E49E7-B0FC-4673-9857-D23CBD25F100}.Release|Any CPU.ActiveCfg = Release|Any CPU
		{0E0E49E7-B0FC-4673-9857-D23CBD25F100}.Release|Any CPU.Build.0 = Release|Any CPU
		{F0E3C59B-F747-451C-B423-65DD35033866}.Debug|Any CPU.ActiveCfg = Debug|Any CPU
		{F0E3C59B-F747-451C-B423-65DD35033866}.Debug|Any CPU.Build.0 = Debug|Any CPU
		{F0E3C59B-F747-451C-B423-65DD35033866}.Release|Any CPU.ActiveCfg = Release|Any CPU
		{F0E3C59B-F747-451C-B423-65DD35033866}.Release|Any CPU.Build.0 = Release|Any CPU
		{6774E067-70EF-4194-A605-6CD8954BCED0}.Debug|Any CPU.ActiveCfg = Debug|Any CPU
		{6774E067-70EF-4194-A605-6CD8954BCED0}.Debug|Any CPU.Build.0 = Debug|Any CPU
		{6774E067-70EF-4194-A605-6CD8954BCED0}.Release|Any CPU.ActiveCfg = Release|Any CPU
		{6774E067-70EF-4194-A605-6CD8954BCED0}.Release|Any CPU.Build.0 = Release|Any CPU
		{35416EFF-BE26-4CA1-9CA2-067324CF774A}.Debug|Any CPU.ActiveCfg = Debug|Any CPU
		{35416EFF-BE26-4CA1-9CA2-067324CF774A}.Debug|Any CPU.Build.0 = Debug|Any CPU
		{35416EFF-BE26-4CA1-9CA2-067324CF774A}.Release|Any CPU.ActiveCfg = Release|Any CPU
		{35416EFF-BE26-4CA1-9CA2-067324CF774A}.Release|Any CPU.Build.0 = Release|Any CPU
		{3179A110-0B93-4F09-BE73-D8A1D5887940}.Debug|Any CPU.ActiveCfg = Debug|Any CPU
		{3179A110-0B93-4F09-BE73-D8A1D5887940}.Debug|Any CPU.Build.0 = Debug|Any CPU
		{3179A110-0B93-4F09-BE73-D8A1D5887940}.Release|Any CPU.ActiveCfg = Release|Any CPU
		{3179A110-0B93-4F09-BE73-D8A1D5887940}.Release|Any CPU.Build.0 = Release|Any CPU
		{CF390179-7A2E-459D-B032-BD902EBDEB3C}.Debug|Any CPU.ActiveCfg = Debug|Any CPU
		{CF390179-7A2E-459D-B032-BD902EBDEB3C}.Debug|Any CPU.Build.0 = Debug|Any CPU
		{CF390179-7A2E-459D-B032-BD902EBDEB3C}.Release|Any CPU.ActiveCfg = Release|Any CPU
		{CF390179-7A2E-459D-B032-BD902EBDEB3C}.Release|Any CPU.Build.0 = Release|Any CPU
		{A32B5338-6739-4FAC-B4CA-B9A223A14594}.Debug|Any CPU.ActiveCfg = Debug|Any CPU
		{A32B5338-6739-4FAC-B4CA-B9A223A14594}.Debug|Any CPU.Build.0 = Debug|Any CPU
		{A32B5338-6739-4FAC-B4CA-B9A223A14594}.Release|Any CPU.ActiveCfg = Release|Any CPU
		{A32B5338-6739-4FAC-B4CA-B9A223A14594}.Release|Any CPU.Build.0 = Release|Any CPU
		{CAB61C14-5FEC-489C-9338-AD04007E0D8E}.Debug|Any CPU.ActiveCfg = Debug|Any CPU
		{CAB61C14-5FEC-489C-9338-AD04007E0D8E}.Debug|Any CPU.Build.0 = Debug|Any CPU
		{CAB61C14-5FEC-489C-9338-AD04007E0D8E}.Release|Any CPU.ActiveCfg = Release|Any CPU
		{CAB61C14-5FEC-489C-9338-AD04007E0D8E}.Release|Any CPU.Build.0 = Release|Any CPU
		{B33410F6-F549-4979-B675-64BEE485BF14}.Debug|Any CPU.ActiveCfg = Debug|Any CPU
		{B33410F6-F549-4979-B675-64BEE485BF14}.Debug|Any CPU.Build.0 = Debug|Any CPU
		{B33410F6-F549-4979-B675-64BEE485BF14}.Release|Any CPU.ActiveCfg = Release|Any CPU
		{B33410F6-F549-4979-B675-64BEE485BF14}.Release|Any CPU.Build.0 = Release|Any CPU
		{AB8C766C-6133-4013-9222-9C73F09EF3E4}.Debug|Any CPU.ActiveCfg = Debug|Any CPU
		{AB8C766C-6133-4013-9222-9C73F09EF3E4}.Debug|Any CPU.Build.0 = Debug|Any CPU
		{AB8C766C-6133-4013-9222-9C73F09EF3E4}.Release|Any CPU.ActiveCfg = Release|Any CPU
		{AB8C766C-6133-4013-9222-9C73F09EF3E4}.Release|Any CPU.Build.0 = Release|Any CPU
		{5C1C496C-2325-4448-A65E-17C7634CB661}.Debug|Any CPU.ActiveCfg = Debug|Any CPU
		{5C1C496C-2325-4448-A65E-17C7634CB661}.Debug|Any CPU.Build.0 = Debug|Any CPU
		{5C1C496C-2325-4448-A65E-17C7634CB661}.Release|Any CPU.ActiveCfg = Release|Any CPU
		{5C1C496C-2325-4448-A65E-17C7634CB661}.Release|Any CPU.Build.0 = Release|Any CPU
	EndGlobalSection
	GlobalSection(SolutionProperties) = preSolution
		HideSolutionNode = FALSE
	EndGlobalSection
	GlobalSection(NestedProjects) = preSolution
		{CF07E2F1-5ED1-415B-888E-C62C97A65E65} = {388ADD4C-1E06-409F-949D-0F60E76BF81E}
		{8896077D-308A-4E60-B343-05400A51CCBE} = {CF07E2F1-5ED1-415B-888E-C62C97A65E65}
		{7FD16D56-3963-4C4C-9024-19E10DA21A36} = {8896077D-308A-4E60-B343-05400A51CCBE}
		{ED514F1D-FFD5-4CE4-A10B-D71C2B5FC91E} = {8896077D-308A-4E60-B343-05400A51CCBE}
		{0E0E49E7-B0FC-4673-9857-D23CBD25F100} = {8896077D-308A-4E60-B343-05400A51CCBE}
		{F0E3C59B-F747-451C-B423-65DD35033866} = {8896077D-308A-4E60-B343-05400A51CCBE}
		{9ED02266-A345-4050-A93E-1D8717A788B8} = {CF07E2F1-5ED1-415B-888E-C62C97A65E65}
		{6774E067-70EF-4194-A605-6CD8954BCED0} = {9ED02266-A345-4050-A93E-1D8717A788B8}
		{35416EFF-BE26-4CA1-9CA2-067324CF774A} = {9ED02266-A345-4050-A93E-1D8717A788B8}
		{3179A110-0B93-4F09-BE73-D8A1D5887940} = {9ED02266-A345-4050-A93E-1D8717A788B8}
		{CF390179-7A2E-459D-B032-BD902EBDEB3C} = {9ED02266-A345-4050-A93E-1D8717A788B8}
		{AD58D101-1194-4430-BCE9-6B5122BDD3E4} = {CF07E2F1-5ED1-415B-888E-C62C97A65E65}
		{AF907C88-A926-432C-A7A9-F402494EC6B5} = {CF07E2F1-5ED1-415B-888E-C62C97A65E65}
		{A32B5338-6739-4FAC-B4CA-B9A223A14594} = {AF907C88-A926-432C-A7A9-F402494EC6B5}
		{CAB61C14-5FEC-489C-9338-AD04007E0D8E} = {AF907C88-A926-432C-A7A9-F402494EC6B5}
		{B33410F6-F549-4979-B675-64BEE485BF14} = {AF907C88-A926-432C-A7A9-F402494EC6B5}
		{AB8C766C-6133-4013-9222-9C73F09EF3E4} = {AF907C88-A926-432C-A7A9-F402494EC6B5}
		{46E6CB05-1C19-4DC0-A0DF-D2B324F35459} = {388ADD4C-1E06-409F-949D-0F60E76BF81E}
		{5C1C496C-2325-4448-A65E-17C7634CB661} = {46E6CB05-1C19-4DC0-A0DF-D2B324F35459}
	EndGlobalSection
	GlobalSection(ExtensibilityGlobals) = postSolution
		SolutionGuid = {1D8FD0F0-D291-4BD6-A517-FF2FFC39A909}
	EndGlobalSection
EndGlobal
